// !$*UTF8*$!
{
	archiveVersion = 1;
	classes = {
	};
	objectVersion = 46;
	objects = {

/* Begin PBXBuildFile section */
		2C945D751D2C173B00E3301B /* Card.m in Sources */ = {isa = PBXBuildFile; fileRef = 2C945D721D2C173B00E3301B /* Card.m */; };
		2C945D761D2C173B00E3301B /* Deck.m in Sources */ = {isa = PBXBuildFile; fileRef = 2C945D741D2C173B00E3301B /* Deck.m */; };
		BC6AB6631D19B42C00F31F46 /* main.m in Sources */ = {isa = PBXBuildFile; fileRef = BC6AB6621D19B42C00F31F46 /* main.m */; };
		BC6AB6661D19B42C00F31F46 /* AppDelegate.m in Sources */ = {isa = PBXBuildFile; fileRef = BC6AB6651D19B42C00F31F46 /* AppDelegate.m */; };
		BC6AB6691D19B42C00F31F46 /* ViewController.m in Sources */ = {isa = PBXBuildFile; fileRef = BC6AB6681D19B42C00F31F46 /* ViewController.m */; };
		BC6AB66C1D19B42C00F31F46 /* Main.storyboard in Resources */ = {isa = PBXBuildFile; fileRef = BC6AB66A1D19B42C00F31F46 /* Main.storyboard */; };
		BC6AB66E1D19B42C00F31F46 /* Assets.xcassets in Resources */ = {isa = PBXBuildFile; fileRef = BC6AB66D1D19B42C00F31F46 /* Assets.xcassets */; };
		BC6AB6711D19B42C00F31F46 /* LaunchScreen.storyboard in Resources */ = {isa = PBXBuildFile; fileRef = BC6AB66F1D19B42C00F31F46 /* LaunchScreen.storyboard */; };
/* End PBXBuildFile section */

/* Begin PBXFileReference section */
		2C945D711D2C173B00E3301B /* Card.h */ = {isa = PBXFileReference; fileEncoding = 4; lastKnownFileType = sourcecode.c.h; path = Card.h; sourceTree = "<group>"; };
		2C945D721D2C173B00E3301B /* Card.m */ = {isa = PBXFileReference; fileEncoding = 4; lastKnownFileType = sourcecode.c.objc; path = Card.m; sourceTree = "<group>"; };
		2C945D731D2C173B00E3301B /* Deck.h */ = {isa = PBXFileReference; fileEncoding = 4; lastKnownFileType = sourcecode.c.h; path = Deck.h; sourceTree = "<group>"; };
		2C945D741D2C173B00E3301B /* Deck.m */ = {isa = PBXFileReference; fileEncoding = 4; lastKnownFileType = sourcecode.c.objc; path = Deck.m; sourceTree = "<group>"; };
		BC6AB65E1D19B42C00F31F46 /* MyFirstCardGame.app */ = {isa = PBXFileReference; explicitFileType = wrapper.application; includeInIndex = 0; path = MyFirstCardGame.app; sourceTree = BUILT_PRODUCTS_DIR; };
		BC6AB6621D19B42C00F31F46 /* main.m */ = {isa = PBXFileReference; lastKnownFileType = sourcecode.c.objc; path = main.m; sourceTree = "<group>"; };
		BC6AB6641D19B42C00F31F46 /* AppDelegate.h */ = {isa = PBXFileReference; lastKnownFileType = sourcecode.c.h; path = AppDelegate.h; sourceTree = "<group>"; };
		BC6AB6651D19B42C00F31F46 /* AppDelegate.m */ = {isa = PBXFileReference; lastKnownFileType = sourcecode.c.objc; path = AppDelegate.m; sourceTree = "<group>"; };
		BC6AB6671D19B42C00F31F46 /* ViewController.h */ = {isa = PBXFileReference; lastKnownFileType = sourcecode.c.h; path = ViewController.h; sourceTree = "<group>"; };
		BC6AB6681D19B42C00F31F46 /* ViewController.m */ = {isa = PBXFileReference; lastKnownFileType = sourcecode.c.objc; path = ViewController.m; sourceTree = "<group>"; };
		BC6AB66B1D19B42C00F31F46 /* Base */ = {isa = PBXFileReference; lastKnownFileType = file.storyboard; name = Base; path = Base.lproj/Main.storyboard; sourceTree = "<group>"; };
		BC6AB66D1D19B42C00F31F46 /* Assets.xcassets */ = {isa = PBXFileReference; lastKnownFileType = folder.assetcatalog; path = Assets.xcassets; sourceTree = "<group>"; };
		BC6AB6701D19B42C00F31F46 /* Base */ = {isa = PBXFileReference; lastKnownFileType = file.storyboard; name = Base; path = Base.lproj/LaunchScreen.storyboard; sourceTree = "<group>"; };
		BC6AB6721D19B42C00F31F46 /* Info.plist */ = {isa = PBXFileReference; lastKnownFileType = text.plist.xml; path = Info.plist; sourceTree = "<group>"; };
/* End PBXFileReference section */

/* Begin PBXFrameworksBuildPhase section */
		BC6AB65B1D19B42C00F31F46 /* Frameworks */ = {
			isa = PBXFrameworksBuildPhase;
			buildActionMask = 2147483647;
			files = (
			);
			runOnlyForDeploymentPostprocessing = 0;
		};
/* End PBXFrameworksBuildPhase section */

/* Begin PBXGroup section */
		BC6AB6551D19B42C00F31F46 = {
			isa = PBXGroup;
			children = (
				BC6AB6601D19B42C00F31F46 /* MyFirstCardGame */,
				BC6AB65F1D19B42C00F31F46 /* Products */,
			);
			sourceTree = "<group>";
		};
		BC6AB65F1D19B42C00F31F46 /* Products */ = {
			isa = PBXGroup;
			children = (
				BC6AB65E1D19B42C00F31F46 /* MyFirstCardGame.app */,
			);
			name = Products;
			sourceTree = "<group>";
		};
		BC6AB6601D19B42C00F31F46 /* MyFirstCardGame */ = {
			isa = PBXGroup;
			children = (
				BC6AB6641D19B42C00F31F46 /* AppDelegate.h */,
				BC6AB6651D19B42C00F31F46 /* AppDelegate.m */,
				2C945D711D2C173B00E3301B /* Card.h */,
				2C945D721D2C173B00E3301B /* Card.m */,
				2C945D731D2C173B00E3301B /* Deck.h */,
				2C945D741D2C173B00E3301B /* Deck.m */,
				BC6AB6671D19B42C00F31F46 /* ViewController.h */,
				BC6AB6681D19B42C00F31F46 /* ViewController.m */,
				BC6AB66A1D19B42C00F31F46 /* Main.storyboard */,
				BC6AB66D1D19B42C00F31F46 /* Assets.xcassets */,
				BC6AB66F1D19B42C00F31F46 /* LaunchScreen.storyboard */,
				BC6AB6721D19B42C00F31F46 /* Info.plist */,
				BC6AB6611D19B42C00F31F46 /* Supporting Files */,
			);
			path = MyFirstCardGame;
			sourceTree = "<group>";
		};
		BC6AB6611D19B42C00F31F46 /* Supporting Files */ = {
			isa = PBXGroup;
			children = (
				BC6AB6621D19B42C00F31F46 /* main.m */,
			);
			name = "Supporting Files";
			sourceTree = "<group>";
		};
/* End PBXGroup section */

/* Begin PBXNativeTarget section */
		BC6AB65D1D19B42C00F31F46 /* MyFirstCardGame */ = {
			isa = PBXNativeTarget;
			buildConfigurationList = BC6AB6751D19B42C00F31F46 /* Build configuration list for PBXNativeTarget "MyFirstCardGame" */;
			buildPhases = (
				BC6AB65A1D19B42C00F31F46 /* Sources */,
				BC6AB65B1D19B42C00F31F46 /* Frameworks */,
				BC6AB65C1D19B42C00F31F46 /* Resources */,
			);
			buildRules = (
			);
			dependencies = (
			);
			name = MyFirstCardGame;
			productName = MyFirstCardGame;
			productReference = BC6AB65E1D19B42C00F31F46 /* MyFirstCardGame.app */;
			productType = "com.apple.product-type.application";
		};
/* End PBXNativeTarget section */

/* Begin PBXProject section */
		BC6AB6561D19B42C00F31F46 /* Project object */ = {
			isa = PBXProject;
			attributes = {
				LastUpgradeCheck = 0730;
				ORGANIZATIONNAME = Handy;
				TargetAttributes = {
					BC6AB65D1D19B42C00F31F46 = {
						CreatedOnToolsVersion = 7.3;
					};
				};
			};
			buildConfigurationList = BC6AB6591D19B42C00F31F46 /* Build configuration list for PBXProject "MyFirstCardGame" */;
			compatibilityVersion = "Xcode 3.2";
			developmentRegion = English;
			hasScannedForEncodings = 0;
			knownRegions = (
				en,
				Base,
			);
			mainGroup = BC6AB6551D19B42C00F31F46;
			productRefGroup = BC6AB65F1D19B42C00F31F46 /* Products */;
			projectDirPath = "";
			projectRoot = "";
			targets = (
				BC6AB65D1D19B42C00F31F46 /* MyFirstCardGame */,
			);
		};
/* End PBXProject section */

/* Begin PBXResourcesBuildPhase section */
		BC6AB65C1D19B42C00F31F46 /* Resources */ = {
			isa = PBXResourcesBuildPhase;
			buildActionMask = 2147483647;
			files = (
				BC6AB6711D19B42C00F31F46 /* LaunchScreen.storyboard in Resources */,
				BC6AB66E1D19B42C00F31F46 /* Assets.xcassets in Resources */,
				BC6AB66C1D19B42C00F31F46 /* Main.storyboard in Resources */,
			);
			runOnlyForDeploymentPostprocessing = 0;
		};
/* End PBXResourcesBuildPhase section */

/* Begin PBXSourcesBuildPhase section */
		BC6AB65A1D19B42C00F31F46 /* Sources */ = {
			isa = PBXSourcesBuildPhase;
			buildActionMask = 2147483647;
			files = (
				2C945D761D2C173B00E3301B /* Deck.m in Sources */,
				BC6AB6691D19B42C00F31F46 /* ViewController.m in Sources */,
				BC6AB6661D19B42C00F31F46 /* AppDelegate.m in Sources */,
				BC6AB6631D19B42C00F31F46 /* main.m in Sources */,
				2C945D751D2C173B00E3301B /* Card.m in Sources */,
			);
			runOnlyForDeploymentPostprocessing = 0;
		};
/* End PBXSourcesBuildPhase section */

/* Begin PBXVariantGroup section */
		BC6AB66A1D19B42C00F31F46 /* Main.storyboard */ = {
			isa = PBXVariantGroup;
			children = (
				BC6AB66B1D19B42C00F31F46 /* Base */,
			);
			name = Main.storyboard;
			sourceTree = "<group>";
		};
		BC6AB66F1D19B42C00F31F46 /* LaunchScreen.storyboard */ = {
			isa = PBXVariantGroup;
			children = (
				BC6AB6701D19B42C00F31F46 /* Base */,
			);
			name = LaunchScreen.storyboard;
			sourceTree = "<group>";
		};
/* End PBXVariantGroup section */

/* Begin XCBuildConfiguration section */
		BC6AB6731D19B42C00F31F46 /* Debug */ = {
			isa = XCBuildConfiguration;
			buildSettings = {
				ALWAYS_SEARCH_USER_PATHS = NO;
				CLANG_ANALYZER_NONNULL = YES;
				CLANG_CXX_LANGUAGE_STANDARD = "gnu++0x";
				CLANG_CXX_LIBRARY = "libc++";
				CLANG_ENABLE_MODULES = YES;
				CLANG_ENABLE_OBJC_ARC = YES;
				CLANG_WARN_BOOL_CONVERSION = YES;
				CLANG_WARN_CONSTANT_CONVERSION = YES;
				CLANG_WARN_DIRECT_OBJC_ISA_USAGE = YES_ERROR;
				CLANG_WARN_EMPTY_BODY = YES;
				CLANG_WARN_ENUM_CONVERSION = YES;
				CLANG_WARN_INT_CONVERSION = YES;
				CLANG_WARN_OBJC_ROOT_CLASS = YES_ERROR;
				CLANG_WARN_UNREACHABLE_CODE = YES;
				CLANG_WARN__DUPLICATE_METHOD_MATCH = YES;
				"CODE_SIGN_IDENTITY[sdk=iphoneos*]" = "iPhone Developer";
				COPY_PHASE_STRIP = NO;
				DEBUG_INFORMATION_FORMAT = dwarf;
				ENABLE_STRICT_OBJC_MSGSEND = YES;
				ENABLE_TESTABILITY = YES;
				GCC_C_LANGUAGE_STANDARD = gnu99;
				GCC_DYNAMIC_NO_PIC = NO;
				GCC_NO_COMMON_BLOCKS = YES;
				GCC_OPTIMIZATION_LEVEL = 0;
				GCC_PREPROCESSOR_DEFINITIONS = (
					"DEBUG=1",
					"$(inherited)",
				);
				GCC_WARN_64_TO_32_BIT_CONVERSION = YES;
				GCC_WARN_ABOUT_RETURN_TYPE = YES_ERROR;
				GCC_WARN_UNDECLARED_SELECTOR = YES;
				GCC_WARN_UNINITIALIZED_AUTOS = YES_AGGRESSIVE;
				GCC_WARN_UNUSED_FUNCTION = YES;
				GCC_WARN_UNUSED_VARIABLE = YES;
				IPHONEOS_DEPLOYMENT_TARGET = 9.3;
				MTL_ENABLE_DEBUG_INFO = YES;
				ONLY_ACTIVE_ARCH = YES;
				SDKROOT = iphoneos;
			};
			name = Debug;
		};
		BC6AB6741D19B42C00F31F46 /* Release */ = {
			isa = XCBuildConfiguration;
			buildSettings = {
				ALWAYS_SEARCH_USER_PATHS = NO;
				CLANG_ANALYZER_NONNULL = YES;
				CLANG_CXX_LANGUAGE_STANDARD = "gnu++0x";
				CLANG_CXX_LIBRARY = "libc++";
				CLANG_ENABLE_MODULES = YES;
				CLANG_ENABLE_OBJC_ARC = YES;
				CLANG_WARN_BOOL_CONVERSION = YES;
				CLANG_WARN_CONSTANT_CONVERSION = YES;
				CLANG_WARN_DIRECT_OBJC_ISA_USAGE = YES_ERROR;
				CLANG_WARN_EMPTY_BODY = YES;
				CLANG_WARN_ENUM_CONVERSION = YES;
				CLANG_WARN_INT_CONVERSION = YES;
				CLANG_WARN_OBJC_ROOT_CLASS = YES_ERROR;
				CLANG_WARN_UNREACHABLE_CODE = YES;
				CLANG_WARN__DUPLICATE_METHOD_MATCH = YES;
				"CODE_SIGN_IDENTITY[sdk=iphoneos*]" = "iPhone Developer";
				COPY_PHASE_STRIP = NO;
				DEBUG_INFORMATION_FORMAT = "dwarf-with-dsym";
				ENABLE_NS_ASSERTIONS = NO;
				ENABLE_STRICT_OBJC_MSGSEND = YES;
				GCC_C_LANGUAGE_STANDARD = gnu99;
				GCC_NO_COMMON_BLOCKS = YES;
				GCC_WARN_64_TO_32_BIT_CONVERSION = YES;
				GCC_WARN_ABOUT_RETURN_TYPE = YES_ERROR;
				GCC_WARN_UNDECLARED_SELECTOR = YES;
				GCC_WARN_UNINITIALIZED_AUTOS = YES_AGGRESSIVE;
				GCC_WARN_UNUSED_FUNCTION = YES;
				GCC_WARN_UNUSED_VARIABLE = YES;
				IPHONEOS_DEPLOYMENT_TARGET = 9.3;
				MTL_ENABLE_DEBUG_INFO = NO;
				SDKROOT = iphoneos;
				VALIDATE_PRODUCT = YES;
			};
			name = Release;
		};
		BC6AB6761D19B42C00F31F46 /* Debug */ = {
			isa = XCBuildConfiguration;
			buildSettings = {
				ASSETCATALOG_COMPILER_APPICON_NAME = AppIcon;
				INFOPLIST_FILE = MyFirstCardGame/Info.plist;
				LD_RUNPATH_SEARCH_PATHS = "$(inherited) @executable_path/Frameworks";
				PRODUCT_BUNDLE_IDENTIFIER = com.handy.MyFirstCardGame;
				PRODUCT_NAME = "$(TARGET_NAME)";
			};
			name = Debug;
		};
		BC6AB6771D19B42C00F31F46 /* Release */ = {
			isa = XCBuildConfiguration;
			buildSettings = {
				ASSETCATALOG_COMPILER_APPICON_NAME = AppIcon;
				INFOPLIST_FILE = MyFirstCardGame/Info.plist;
				LD_RUNPATH_SEARCH_PATHS = "$(inherited) @executable_path/Frameworks";
				PRODUCT_BUNDLE_IDENTIFIER = com.handy.MyFirstCardGame;
				PRODUCT_NAME = "$(TARGET_NAME)";
			};
			name = Release;
		};
/* End XCBuildConfiguration section */

/* Begin XCConfigurationList section */
		BC6AB6591D19B42C00F31F46 /* Build configuration list for PBXProject "MyFirstCardGame" */ = {
			isa = XCConfigurationList;
			buildConfigurations = (
				BC6AB6731D19B42C00F31F46 /* Debug */,
				BC6AB6741D19B42C00F31F46 /* Release */,
			);
			defaultConfigurationIsVisible = 0;
			defaultConfigurationName = Release;
		};
		BC6AB6751D19B42C00F31F46 /* Build configuration list for PBXNativeTarget "MyFirstCardGame" */ = {
			isa = XCConfigurationList;
			buildConfigurations = (
				BC6AB6761D19B42C00F31F46 /* Debug */,
				BC6AB6771D19B42C00F31F46 /* Release */,
			);
			defaultConfigurationIsVisible = 0;
			defaultConfigurationName = Release;
		};
/* End XCConfigurationList section */
	};
	rootObject = BC6AB6561D19B42C00F31F46 /* Project object */;
}
